
Microsoft Visual Studio Solution File, Format Version 12.00
# Visual Studio Version 17
VisualStudioVersion = 17.2.32519.379
MinimumVisualStudioVersion = 10.0.40219.1
Project("{FAE04EC0-301F-11D3-BF4B-00C04F79EFBC}") = "Match Full Name", "Match Full Name.csproj", "{7D322092-B272-413C-80E8-D62F54CD16BC}"
EndProject
Project("{FAE04EC0-301F-11D3-BF4B-00C04F79EFBC}") = "Match Dates", "..\Match Dates\Match Dates.csproj", "{5796ADBB-BF9F-4340-BFE2-0D8FCE80BFA2}"
EndProject
Project("{FAE04EC0-301F-11D3-BF4B-00C04F79EFBC}") = "Match Phone Number", "..\Match Phone Number\Match Phone Number.csproj", "{4B3841EE-2067-4659-9D8F-79B5AFDD304F}"
EndProject
Project("{FAE04EC0-301F-11D3-BF4B-00C04F79EFBC}") = "SoftUni Bar Income", "..\SoftUni Bar Income\SoftUni Bar Income.csproj", "{35957899-BCF1-4DAE-A2EE-2494D273AAA9}"
EndProject
Project("{FAE04EC0-301F-11D3-BF4B-00C04F79EFBC}") = "Race", "..\Race\Race.csproj", "{51826616-2ACC-4114-ADB2-2199E6A9193B}"
EndProject
Project("{FAE04EC0-301F-11D3-BF4B-00C04F79EFBC}") = "Furniture", "..\Furniture\Furniture.csproj", "{495924BD-8248-4248-87A3-CA6D08BE6285}"
EndProject
Global
	GlobalSection(SolutionConfigurationPlatforms) = preSolution
		Debug|Any CPU = Debug|Any CPU
		Release|Any CPU = Release|Any CPU
	EndGlobalSection
	GlobalSection(ProjectConfigurationPlatforms) = postSolution
		{7D322092-B272-413C-80E8-D62F54CD16BC}.Debug|Any CPU.ActiveCfg = Debug|Any CPU
		{7D322092-B272-413C-80E8-D62F54CD16BC}.Debug|Any CPU.Build.0 = Debug|Any CPU
		{7D322092-B272-413C-80E8-D62F54CD16BC}.Release|Any CPU.ActiveCfg = Release|Any CPU
		{7D322092-B272-413C-80E8-D62F54CD16BC}.Release|Any CPU.Build.0 = Release|Any CPU
		{5796ADBB-BF9F-4340-BFE2-0D8FCE80BFA2}.Debug|Any CPU.ActiveCfg = Debug|Any CPU
		{5796ADBB-BF9F-4340-BFE2-0D8FCE80BFA2}.Debug|Any CPU.Build.0 = Debug|Any CPU
		{5796ADBB-BF9F-4340-BFE2-0D8FCE80BFA2}.Release|Any CPU.ActiveCfg = Release|Any CPU
		{5796ADBB-BF9F-4340-BFE2-0D8FCE80BFA2}.Release|Any CPU.Build.0 = Release|Any CPU
		{4B3841EE-2067-4659-9D8F-79B5AFDD304F}.Debug|Any CPU.ActiveCfg = Debug|Any CPU
		{4B3841EE-2067-4659-9D8F-79B5AFDD304F}.Debug|Any CPU.Build.0 = Debug|Any CPU
		{4B3841EE-2067-4659-9D8F-79B5AFDD304F}.Release|Any CPU.ActiveCfg = Release|Any CPU
		{4B3841EE-2067-4659-9D8F-79B5AFDD304F}.Release|Any CPU.Build.0 = Release|Any CPU
		{35957899-BCF1-4DAE-A2EE-2494D273AAA9}.Debug|Any CPU.ActiveCfg = Debug|Any CPU
		{35957899-BCF1-4DAE-A2EE-2494D273AAA9}.Debug|Any CPU.Build.0 = Debug|Any CPU
		{35957899-BCF1-4DAE-A2EE-2494D273AAA9}.Release|Any CPU.ActiveCfg = Release|Any CPU
		{35957899-BCF1-4DAE-A2EE-2494D273AAA9}.Release|Any CPU.Build.0 = Release|Any CPU
		{51826616-2ACC-4114-ADB2-2199E6A9193B}.Debug|Any CPU.ActiveCfg = Debug|Any CPU
		{51826616-2ACC-4114-ADB2-2199E6A9193B}.Debug|Any CPU.Build.0 = Debug|Any CPU
		{51826616-2ACC-4114-ADB2-2199E6A9193B}.Release|Any CPU.ActiveCfg = Release|Any CPU
		{51826616-2ACC-4114-ADB2-2199E6A9193B}.Release|Any CPU.Build.0 = Release|Any CPU
		{495924BD-8248-4248-87A3-CA6D08BE6285}.Debug|Any CPU.ActiveCfg = Debug|Any CPU
		{495924BD-8248-4248-87A3-CA6D08BE6285}.Debug|Any CPU.Build.0 = Debug|Any CPU
		{495924BD-8248-4248-87A3-CA6D08BE6285}.Release|Any CPU.ActiveCfg = Release|Any CPU
		{495924BD-8248-4248-87A3-CA6D08BE6285}.Release|Any CPU.Build.0 = Release|Any CPU
	EndGlobalSection
	GlobalSection(SolutionProperties) = preSolution
		HideSolutionNode = FALSE
	EndGlobalSection
	GlobalSection(ExtensibilityGlobals) = postSolution
		SolutionGuid = {187308B6-3BA6-436B-BB7A-D80D670A1169}
	EndGlobalSection
EndGlobal
